# This file is automatically @generated by Poetry 1.8.5 and should not be changed by hand.

[[package]]
name = "beartype"
version = "0.20.0"
description = "Unbearably fast near-real-time hybrid runtime-static type-checking in pure Python."
optional = false
python-versions = ">=3.9"
files = [
    {file = "beartype-0.20.0-py3-none-any.whl", hash = "sha256:090d10e3540b3fca209a0ab5f1c15f9652a075da0a7249c2e6713011e9e5f6ef"},
    {file = "beartype-0.20.0.tar.gz", hash = "sha256:599ecc86b88549bcb6d1af626f44d85ffbb9151ace5d7f9f3b493dce2ffee529"},
]

[package.extras]
dev = ["autoapi (>=0.9.0)", "click", "coverage (>=5.5)", "equinox", "jax[cpu]", "jaxtyping", "langchain", "mypy (>=0.800)", "numba", "numpy", "pandera", "pydata-sphinx-theme (<=0.7.2)", "pygments", "pyright (>=1.1.370)", "pytest (>=4.0.0)", "sphinx", "sphinx (>=4.2.0,<6.0.0)", "sphinxext-opengraph (>=0.7.5)", "tox (>=3.20.1)", "typing-extensions (>=3.10.0.0)", "xarray"]
doc-rtd = ["autoapi (>=0.9.0)", "pydata-sphinx-theme (<=0.7.2)", "sphinx (>=4.2.0,<6.0.0)", "sphinxext-opengraph (>=0.7.5)"]
test = ["click", "coverage (>=5.5)", "equinox", "jax[cpu]", "jaxtyping", "langchain", "mypy (>=0.800)", "numba", "numpy", "pandera", "pygments", "pyright (>=1.1.370)", "pytest (>=4.0.0)", "sphinx", "tox (>=3.20.1)", "typing-extensions (>=3.10.0.0)", "xarray"]
test-tox = ["click", "equinox", "jax[cpu]", "jaxtyping", "langchain", "mypy (>=0.800)", "numba", "numpy", "pandera", "pygments", "pyright (>=1.1.370)", "pytest (>=4.0.0)", "sphinx", "typing-extensions (>=3.10.0.0)", "xarray"]
test-tox-coverage = ["coverage (>=5.5)"]

[[package]]
name = "setuptools"
version = "76.0.0"
description = "Easily download, build, install, upgrade, and uninstall Python packages"
optional = false
python-versions = ">=3.9"
files = [
    {file = "setuptools-76.0.0-py3-none-any.whl", hash = "sha256:199466a166ff664970d0ee145839f5582cb9bca7a0a3a2e795b6a9cb2308e9c6"},
    {file = "setuptools-76.0.0.tar.gz", hash = "sha256:43b4ee60e10b0d0ee98ad11918e114c70701bc6051662a9a675a0496c1a158f4"},
]

[package.extras]
check = ["pytest-checkdocs (>=2.4)", "pytest-ruff (>=0.2.1)", "ruff (>=0.8.0)"]
core = ["importlib_metadata (>=6)", "jaraco.collections", "jaraco.functools (>=4)", "jaraco.text (>=3.7)", "more_itertools", "more_itertools (>=8.8)", "packaging", "packaging (>=24.2)", "platformdirs (>=4.2.2)", "tomli (>=2.0.1)", "wheel (>=0.43.0)"]
cover = ["pytest-cov"]
doc = ["furo", "jaraco.packaging (>=9.3)", "jaraco.tidelift (>=1.4)", "pygments-github-lexers (==0.0.5)", "pyproject-hooks (!=1.1)", "rst.linker (>=1.9)", "sphinx (>=3.5)", "sphinx-favicon", "sphinx-inline-tabs", "sphinx-lint", "sphinx-notfound-page (>=1,<2)", "sphinx-reredirects", "sphinxcontrib-towncrier", "towncrier (<24.7)"]
enabler = ["pytest-enabler (>=2.2)"]
test = ["build[virtualenv] (>=1.0.3)", "filelock (>=3.4.0)", "ini2toml[lite] (>=0.14)", "jaraco.develop (>=7.21)", "jaraco.envs (>=2.2)", "jaraco.path (>=3.7.2)", "jaraco.test (>=5.5)", "packaging (>=24.2)", "pip (>=19.1)", "pyproject-hooks (!=1.1)", "pytest (>=6,!=8.1.*)", "pytest-home (>=0.5)", "pytest-perf", "pytest-subprocess", "pytest-timeout", "pytest-xdist (>=3)", "tomli-w (>=1.0.0)", "virtualenv (>=13.0.0)", "wheel (>=0.44.0)"]
type = ["importlib_metadata (>=7.0.2)", "jaraco.develop (>=7.21)", "mypy (==1.14.*)", "pytest-mypy"]

[metadata]
lock-version = "2.0"
python-versions = "^3.9.0 <3.14"
content-hash = "35cbac3afda1c1831817dcc9ddbc9f208975ee83e6164ca92db5eeddda896195"
